# THIS IS AN AUTOGENERATED FILE. DO NOT EDIT THIS FILE DIRECTLY.
# yarn lockfile v1


loadjs@^4.2.0:
  version "4.2.0"
  resolved "https://registry.npmjs.org/loadjs/-/loadjs-4.2.0.tgz"
  integrity sha512-AgQGZisAlTPbTEzrHPb6q+NYBMD+DP9uvGSIjSUM5uG+0jG15cb8axWpxuOIqrmQjn6scaaH8JwloiP27b2KXA==

react-tweet-embed@^2.0.0:
  version "2.0.0"
  resolved "https://registry.npmjs.org/react-tweet-embed/-/react-tweet-embed-2.0.0.tgz"
  integrity sha512-g2kfPjSRTOKeJtaQF5EMuSTmp/q8I0qdDs/pZ2qLXZjCWExDT/JgjxSlyM65NyNzsz8072PDpvlO/sIXwwVpdQ==

react-twitter-widgets@^1.11.0:
  version "1.11.0"
  resolved "https://registry.npmjs.org/react-twitter-widgets/-/react-twitter-widgets-1.11.0.tgz"
  integrity sha512-PMCLJQc30iqy01y1b2+HnMfCX+ZkOxWaPKJb4BhHgOgjSjoZb68K5T0nq3q+3YbX9K7OH0bhptgDihtBG/BqRQ==
  dependencies:
    loadjs "^4.2.0"
